
Microsoft Visual Studio Solution File, Format Version 12.00
# Visual Studio Version 16
VisualStudioVersion = 16.0.31112.23
MinimumVisualStudioVersion = 10.0.40219.1
Project("{9A19103F-16F7-4668-BE54-9A1E7A4F7556}") = "ArrayCustom", "ArrayCustom\ArrayCustom.csproj", "{F0E5F6AE-DB2F-4497-9319-14EA48071BFC}"
EndProject
Project("{9A19103F-16F7-4668-BE54-9A1E7A4F7556}") = "ListCustom", "ListCustom\ListCustom.csproj", "{D8C0B89D-122A-42EF-A9E4-44A35EA40189}"
EndProject
Project("{9A19103F-16F7-4668-BE54-9A1E7A4F7556}") = "Rough", "Rough\Rough\Rough.csproj", "{F6F6222B-2419-4740-A715-7609820DE15B}"
EndProject
Project("{FAE04EC0-301F-11D3-BF4B-00C04F79EFBC}") = "StackCustom", "StackCustom\StackCustom\StackCustom.csproj", "{ADAF72F2-A90E-4EBE-A7B7-8543C7EF4603}"
EndProject
Global
	GlobalSection(SolutionConfigurationPlatforms) = preSolution
		Debug|Any CPU = Debug|Any CPU
		Release|Any CPU = Release|Any CPU
	EndGlobalSection
	GlobalSection(ProjectConfigurationPlatforms) = postSolution
		{F0E5F6AE-DB2F-4497-9319-14EA48071BFC}.Debug|Any CPU.ActiveCfg = Debug|Any CPU
		{F0E5F6AE-DB2F-4497-9319-14EA48071BFC}.Debug|Any CPU.Build.0 = Debug|Any CPU
		{F0E5F6AE-DB2F-4497-9319-14EA48071BFC}.Release|Any CPU.ActiveCfg = Release|Any CPU
		{F0E5F6AE-DB2F-4497-9319-14EA48071BFC}.Release|Any CPU.Build.0 = Release|Any CPU
		{D8C0B89D-122A-42EF-A9E4-44A35EA40189}.Debug|Any CPU.ActiveCfg = Debug|Any CPU
		{D8C0B89D-122A-42EF-A9E4-44A35EA40189}.Debug|Any CPU.Build.0 = Debug|Any CPU
		{D8C0B89D-122A-42EF-A9E4-44A35EA40189}.Release|Any CPU.ActiveCfg = Release|Any CPU
		{D8C0B89D-122A-42EF-A9E4-44A35EA40189}.Release|Any CPU.Build.0 = Release|Any CPU
		{F6F6222B-2419-4740-A715-7609820DE15B}.Debug|Any CPU.ActiveCfg = Debug|Any CPU
		{F6F6222B-2419-4740-A715-7609820DE15B}.Debug|Any CPU.Build.0 = Debug|Any CPU
		{F6F6222B-2419-4740-A715-7609820DE15B}.Release|Any CPU.ActiveCfg = Release|Any CPU
		{F6F6222B-2419-4740-A715-7609820DE15B}.Release|Any CPU.Build.0 = Release|Any CPU
		{ADAF72F2-A90E-4EBE-A7B7-8543C7EF4603}.Debug|Any CPU.ActiveCfg = Debug|Any CPU
		{ADAF72F2-A90E-4EBE-A7B7-8543C7EF4603}.Debug|Any CPU.Build.0 = Debug|Any CPU
		{ADAF72F2-A90E-4EBE-A7B7-8543C7EF4603}.Release|Any CPU.ActiveCfg = Release|Any CPU
		{ADAF72F2-A90E-4EBE-A7B7-8543C7EF4603}.Release|Any CPU.Build.0 = Release|Any CPU
	EndGlobalSection
	GlobalSection(SolutionProperties) = preSolution
		HideSolutionNode = FALSE
	EndGlobalSection
	GlobalSection(ExtensibilityGlobals) = postSolution
		SolutionGuid = {16F8743F-69A8-483F-9BC5-1280AC9D8A13}
	EndGlobalSection
EndGlobal
